
Microsoft Visual Studio Solution File, Format Version 12.00
# Visual Studio 14
VisualStudioVersion = 14.0.23107.0
MinimumVisualStudioVersion = 10.0.40219.1
Project("{FAE04EC0-301F-11D3-BF4B-00C04F79EFBC}") = "AILinkFactoryAutoStudio", "AILinkFactoryAuto\AILinkFactoryAutoStudio.csproj", "{F4D21738-D650-4637-974D-C203EB4D5870}"
	ProjectSection(ProjectDependencies) = postProject
		{0856DB10-9678-44CB-B141-8908F067E578} = {0856DB10-9678-44CB-B141-8908F067E578}
		{4283A239-8395-4BD5-974B-FCAB704C84FB} = {4283A239-8395-4BD5-974B-FCAB704C84FB}
		{B8DF8B8A-D0F5-49E0-9135-D9A3D500C105} = {B8DF8B8A-D0F5-49E0-9135-D9A3D500C105}
		{C75532C4-765B-418E-B09B-46D36B2ABDB1} = {C75532C4-765B-418E-B09B-46D36B2ABDB1}
	EndProjectSection
EndProject
Project("{FAE04EC0-301F-11D3-BF4B-00C04F79EFBC}") = "TaskBase", "TaskBase\TaskBase.csproj", "{4283A239-8395-4BD5-974B-FCAB704C84FB}"
EndProject
Project("{FAE04EC0-301F-11D3-BF4B-00C04F79EFBC}") = "Instrument", "Instrument\Instrument.csproj", "{978F2CB1-58E6-40FB-81C1-A8CD5EDEE95F}"
EndProject
Project("{FAE04EC0-301F-11D3-BF4B-00C04F79EFBC}") = "TaskAtCommand", "TaskAtCommand\TaskAtCommand.csproj", "{0204B675-6A28-44B8-86A7-BAFA99F90ABB}"
EndProject
Project("{FAE04EC0-301F-11D3-BF4B-00C04F79EFBC}") = "DemoRf", "Demo\DemoRf.csproj", "{0856DB10-9678-44CB-B141-8908F067E578}"
	ProjectSection(ProjectDependencies) = postProject
		{4283A239-8395-4BD5-974B-FCAB704C84FB} = {4283A239-8395-4BD5-974B-FCAB704C84FB}
		{1E3ABAB4-5569-408C-ADC9-D12B5B12904F} = {1E3ABAB4-5569-408C-ADC9-D12B5B12904F}
	EndProjectSection
EndProject
Project("{8BC9CEB8-8B4A-11D0-8D11-00A0C91BC942}") = "Wlan", "Wlan\Wlan.vcxproj", "{1E3ABAB4-5569-408C-ADC9-D12B5B12904F}"
	ProjectSection(ProjectDependencies) = postProject
		{54261C1F-B4C0-4A08-8742-8DD576ED0B3B} = {54261C1F-B4C0-4A08-8742-8DD576ED0B3B}
		{E3D7A3C5-760D-421A-AE44-E0BD31F42979} = {E3D7A3C5-760D-421A-AE44-E0BD31F42979}
	EndProjectSection
EndProject
Project("{8BC9CEB8-8B4A-11D0-8D11-00A0C91BC942}") = "PluginDutFrame", "Plugin\Plugin.vcxproj", "{54261C1F-B4C0-4A08-8742-8DD576ED0B3B}"
EndProject
Project("{8BC9CEB8-8B4A-11D0-8D11-00A0C91BC942}") = "WtApi", "WtApi\WtApi.vcxproj", "{E3D7A3C5-760D-421A-AE44-E0BD31F42979}"
EndProject
Project("{FAE04EC0-301F-11D3-BF4B-00C04F79EFBC}") = "WinFormsUI", "WinFormsUI\WinFormsUI.csproj", "{C75532C4-765B-418E-B09B-46D36B2ABDB1}"
EndProject
Project("{FAE04EC0-301F-11D3-BF4B-00C04F79EFBC}") = "DemoPlugin", "DemoPlugin\DemoPlugin.csproj", "{B8DF8B8A-D0F5-49E0-9135-D9A3D500C105}"
EndProject
Global
	GlobalSection(SolutionConfigurationPlatforms) = preSolution
		Debug|x86 = Debug|x86
		Release|x86 = Release|x86
	EndGlobalSection
	GlobalSection(ProjectConfigurationPlatforms) = postSolution
		{F4D21738-D650-4637-974D-C203EB4D5870}.Debug|x86.ActiveCfg = Debug|x86
		{F4D21738-D650-4637-974D-C203EB4D5870}.Debug|x86.Build.0 = Debug|x86
		{F4D21738-D650-4637-974D-C203EB4D5870}.Release|x86.ActiveCfg = Release|x86
		{F4D21738-D650-4637-974D-C203EB4D5870}.Release|x86.Build.0 = Release|x86
		{4283A239-8395-4BD5-974B-FCAB704C84FB}.Debug|x86.ActiveCfg = Debug|x86
		{4283A239-8395-4BD5-974B-FCAB704C84FB}.Debug|x86.Build.0 = Debug|x86
		{4283A239-8395-4BD5-974B-FCAB704C84FB}.Release|x86.ActiveCfg = Release|x86
		{4283A239-8395-4BD5-974B-FCAB704C84FB}.Release|x86.Build.0 = Release|x86
		{978F2CB1-58E6-40FB-81C1-A8CD5EDEE95F}.Debug|x86.ActiveCfg = Debug|x86
		{978F2CB1-58E6-40FB-81C1-A8CD5EDEE95F}.Debug|x86.Build.0 = Debug|x86
		{978F2CB1-58E6-40FB-81C1-A8CD5EDEE95F}.Release|x86.ActiveCfg = Release|x86
		{978F2CB1-58E6-40FB-81C1-A8CD5EDEE95F}.Release|x86.Build.0 = Release|x86
		{0204B675-6A28-44B8-86A7-BAFA99F90ABB}.Debug|x86.ActiveCfg = Debug|x86
		{0204B675-6A28-44B8-86A7-BAFA99F90ABB}.Debug|x86.Build.0 = Debug|x86
		{0204B675-6A28-44B8-86A7-BAFA99F90ABB}.Release|x86.ActiveCfg = Release|x86
		{0204B675-6A28-44B8-86A7-BAFA99F90ABB}.Release|x86.Build.0 = Release|x86
		{0856DB10-9678-44CB-B141-8908F067E578}.Debug|x86.ActiveCfg = Debug|x86
		{0856DB10-9678-44CB-B141-8908F067E578}.Debug|x86.Build.0 = Debug|x86
		{0856DB10-9678-44CB-B141-8908F067E578}.Release|x86.ActiveCfg = Release|x86
		{0856DB10-9678-44CB-B141-8908F067E578}.Release|x86.Build.0 = Release|x86
		{1E3ABAB4-5569-408C-ADC9-D12B5B12904F}.Debug|x86.ActiveCfg = Debug|Win32
		{1E3ABAB4-5569-408C-ADC9-D12B5B12904F}.Debug|x86.Build.0 = Debug|Win32
		{1E3ABAB4-5569-408C-ADC9-D12B5B12904F}.Release|x86.ActiveCfg = Release|Win32
		{1E3ABAB4-5569-408C-ADC9-D12B5B12904F}.Release|x86.Build.0 = Release|Win32
		{54261C1F-B4C0-4A08-8742-8DD576ED0B3B}.Debug|x86.ActiveCfg = Debug|Win32
		{54261C1F-B4C0-4A08-8742-8DD576ED0B3B}.Debug|x86.Build.0 = Debug|Win32
		{54261C1F-B4C0-4A08-8742-8DD576ED0B3B}.Release|x86.ActiveCfg = Release|Win32
		{54261C1F-B4C0-4A08-8742-8DD576ED0B3B}.Release|x86.Build.0 = Release|Win32
		{E3D7A3C5-760D-421A-AE44-E0BD31F42979}.Debug|x86.ActiveCfg = Debug|Win32
		{E3D7A3C5-760D-421A-AE44-E0BD31F42979}.Debug|x86.Build.0 = Debug|Win32
		{E3D7A3C5-760D-421A-AE44-E0BD31F42979}.Release|x86.ActiveCfg = Release|Win32
		{E3D7A3C5-760D-421A-AE44-E0BD31F42979}.Release|x86.Build.0 = Release|Win32
		{C75532C4-765B-418E-B09B-46D36B2ABDB1}.Debug|x86.ActiveCfg = Debug|x86
		{C75532C4-765B-418E-B09B-46D36B2ABDB1}.Debug|x86.Build.0 = Debug|x86
		{C75532C4-765B-418E-B09B-46D36B2ABDB1}.Release|x86.ActiveCfg = Release|x86
		{C75532C4-765B-418E-B09B-46D36B2ABDB1}.Release|x86.Build.0 = Release|x86
		{B8DF8B8A-D0F5-49E0-9135-D9A3D500C105}.Debug|x86.ActiveCfg = Debug|x86
		{B8DF8B8A-D0F5-49E0-9135-D9A3D500C105}.Debug|x86.Build.0 = Debug|x86
		{B8DF8B8A-D0F5-49E0-9135-D9A3D500C105}.Release|x86.ActiveCfg = Release|x86
		{B8DF8B8A-D0F5-49E0-9135-D9A3D500C105}.Release|x86.Build.0 = Release|x86
	EndGlobalSection
	GlobalSection(SolutionProperties) = preSolution
		HideSolutionNode = FALSE
	EndGlobalSection
EndGlobal
